{
  "name": "xlrcdb",
  "version": "0.0.0",
  "lockfileVersion": 3,
  "requires": true,
  "packages": {
    "": {
      "name": "xlrcdb",
      "version": "0.0.0",
      "dependencies": {
        "@boof2015/xlrc": "^0.2.1",
        "smol-toml": "^1.6.1"
      }
    },
    "node_modules/@boof2015/xlrc": {
      "version": "0.2.1",
      "resolved": "https://registry.npmjs.org/@boof2015/xlrc/-/xlrc-0.2.1.tgz",
      "integrity": "sha512-XncWjaw+BjzG1pQXwG92RCIrBOoU1DvLRT+wEnbU18j4qKCBujep4dT55gH+vb6TTRxI5Yv3E8V7p6FipYhWqw==",
      "license": "MIT"
    },
    "node_modules/smol-toml": {
      "version": "1.6.1",
      "resolved": "https://registry.npmjs.org/smol-toml/-/smol-toml-1.6.1.tgz",
      "integrity": "sha512-dWUG8F5sIIARXih1DTaQAX4SsiTXhInKf1buxdY9DIg4ZYPZK5nGM1VRIYmEbDbsHt7USo99xSLFu5Q1IqTmsg==",
      "license": "BSD-3-Clause",
      "engines": {
        "node": ">= 18"
      },
      "funding": {
        "url": "https://github.com/sponsors/cyyynthia"
      }
    }
  }
}
